// !$*UTF8*$!
{
	archiveVersion = 1;
	classes = {
	};
	objectVersion = 46;
	objects = {

/* Begin PBXBuildFile section */
		B0813B931639208B0027F4F8 /* UIKit.framework in Frameworks */ = {isa = PBXBuildFile; fileRef = B0813B921639208B0027F4F8 /* UIKit.framework */; };
		B0813B951639208B0027F4F8 /* Foundation.framework in Frameworks */ = {isa = PBXBuildFile; fileRef = B0813B941639208B0027F4F8 /* Foundation.framework */; };
		B0813B971639208B0027F4F8 /* CoreGraphics.framework in Frameworks */ = {isa = PBXBuildFile; fileRef = B0813B961639208B0027F4F8 /* CoreGraphics.framework */; };
		B0813B9D1639208B0027F4F8 /* InfoPlist.strings in Resources */ = {isa = PBXBuildFile; fileRef = B0813B9B1639208B0027F4F8 /* InfoPlist.strings */; };
		B0813B9F1639208B0027F4F8 /* main.m in Sources */ = {isa = PBXBuildFile; fileRef = B0813B9E1639208B0027F4F8 /* main.m */; };
		B0813BA31639208B0027F4F8 /* AppDelegate.m in Sources */ = {isa = PBXBuildFile; fileRef = B0813BA21639208B0027F4F8 /* AppDelegate.m */; };
		B0813BA51639208B0027F4F8 /* Default.png in Resources */ = {isa = PBXBuildFile; fileRef = B0813BA41639208B0027F4F8 /* Default.png */; };
		B0813BA71639208B0027F4F8 /* Default@2x.png in Resources */ = {isa = PBXBuildFile; fileRef = B0813BA61639208B0027F4F8 /* Default@2x.png */; };
		B0813BA91639208B0027F4F8 /* Default-568h@2x.png in Resources */ = {isa = PBXBuildFile; fileRef = B0813BA81639208B0027F4F8 /* Default-568h@2x.png */; };
		B0813BAC1639208B0027F4F8 /* ViewController.m in Sources */ = {isa = PBXBuildFile; fileRef = B0813BAB1639208B0027F4F8 /* ViewController.m */; };
		B0813BAF1639208B0027F4F8 /* ViewController.xib in Resources */ = {isa = PBXBuildFile; fileRef = B0813BAD1639208B0027F4F8 /* ViewController.xib */; };
		B0813BC1163921070027F4F8 /* JSONKit.m in Sources */ = {isa = PBXBuildFile; fileRef = B0813BB7163921070027F4F8 /* JSONKit.m */; settings = {COMPILER_FLAGS = "-fno-objc-arc"; }; };
		B0813BC2163921070027F4F8 /* SinaWeibo.bundle in Resources */ = {isa = PBXBuildFile; fileRef = B0813BB9163921070027F4F8 /* SinaWeibo.bundle */; };
		B0813BC3163921070027F4F8 /* SinaWeibo.m in Sources */ = {isa = PBXBuildFile; fileRef = B0813BBB163921070027F4F8 /* SinaWeibo.m */; settings = {COMPILER_FLAGS = "-fno-objc-arc"; }; };
		B0813BC4163921070027F4F8 /* SinaWeiboAuthorizeView.m in Sources */ = {isa = PBXBuildFile; fileRef = B0813BBD163921070027F4F8 /* SinaWeiboAuthorizeView.m */; settings = {COMPILER_FLAGS = "-fno-objc-arc"; }; };
		B0813BC5163921070027F4F8 /* SinaWeiboRequest.m in Sources */ = {isa = PBXBuildFile; fileRef = B0813BC0163921070027F4F8 /* SinaWeiboRequest.m */; settings = {COMPILER_FLAGS = "-fno-objc-arc"; }; };
		B08DAB781648E215003B43CA /* DDAbstractDatabaseLogger.m in Sources */ = {isa = PBXBuildFile; fileRef = B08DAB691648E215003B43CA /* DDAbstractDatabaseLogger.m */; };
		B08DAB791648E215003B43CA /* DDASLLogger.m in Sources */ = {isa = PBXBuildFile; fileRef = B08DAB6B1648E215003B43CA /* DDASLLogger.m */; };
		B08DAB7A1648E215003B43CA /* DDFileLogger.m in Sources */ = {isa = PBXBuildFile; fileRef = B08DAB6D1648E215003B43CA /* DDFileLogger.m */; };
		B08DAB7B1648E215003B43CA /* DDLog.m in Sources */ = {isa = PBXBuildFile; fileRef = B08DAB6F1648E215003B43CA /* DDLog.m */; };
		B08DAB7C1648E215003B43CA /* DDTTYLogger.m in Sources */ = {isa = PBXBuildFile; fileRef = B08DAB711648E215003B43CA /* DDTTYLogger.m */; };
		B08DAB7D1648E215003B43CA /* ContextFilterLogFormatter.m in Sources */ = {isa = PBXBuildFile; fileRef = B08DAB741648E215003B43CA /* ContextFilterLogFormatter.m */; };
		B08DAB7E1648E215003B43CA /* DispatchQueueLogFormatter.m in Sources */ = {isa = PBXBuildFile; fileRef = B08DAB761648E215003B43CA /* DispatchQueueLogFormatter.m */; };
		B08DAB7F1648E215003B43CA /* README.txt in Resources */ = {isa = PBXBuildFile; fileRef = B08DAB771648E215003B43CA /* README.txt */; };
		B08DAB811648E323003B43CA /* CFNetwork.framework in Frameworks */ = {isa = PBXBuildFile; fileRef = B08DAB801648E323003B43CA /* CFNetwork.framework */; };
		B08DAB831648E337003B43CA /* Security.framework in Frameworks */ = {isa = PBXBuildFile; fileRef = B08DAB821648E337003B43CA /* Security.framework */; };
		B08DAB841648E442003B43CA /* GCDAsyncSocket.m in Sources */ = {isa = PBXBuildFile; fileRef = B08DAB661648E0D8003B43CA /* GCDAsyncSocket.m */; };
		B08FBF4016509C4800D555DF /* ViewController+sina.m in Sources */ = {isa = PBXBuildFile; fileRef = B08FBF3F16509C4800D555DF /* ViewController+sina.m */; };
		B0919A30165B53FA007A594B /* MMPDeepSleepPreventer.m in Sources */ = {isa = PBXBuildFile; fileRef = B0919A2C165B53FA007A594B /* MMPDeepSleepPreventer.m */; settings = {COMPILER_FLAGS = "-fno-objc-arc"; }; };
		B0919A31165B53FA007A594B /* MMPSilence.wav in Resources */ = {isa = PBXBuildFile; fileRef = B0919A2D165B53FA007A594B /* MMPSilence.wav */; };
		B0919A34165B547A007A594B /* AVFoundation.framework in Frameworks */ = {isa = PBXBuildFile; fileRef = B0919A33165B547A007A594B /* AVFoundation.framework */; };
		B0919A36165B549A007A594B /* AudioToolbox.framework in Frameworks */ = {isa = PBXBuildFile; fileRef = B0919A35165B549A007A594B /* AudioToolbox.framework */; };
/* End PBXBuildFile section */

/* Begin PBXFileReference section */
		B0813B8E1639208B0027F4F8 /* SoundShare.app */ = {isa = PBXFileReference; explicitFileType = wrapper.application; includeInIndex = 0; path = SoundShare.app; sourceTree = BUILT_PRODUCTS_DIR; };
		B0813B921639208B0027F4F8 /* UIKit.framework */ = {isa = PBXFileReference; lastKnownFileType = wrapper.framework; name = UIKit.framework; path = System/Library/Frameworks/UIKit.framework; sourceTree = SDKROOT; };
		B0813B941639208B0027F4F8 /* Foundation.framework */ = {isa = PBXFileReference; lastKnownFileType = wrapper.framework; name = Foundation.framework; path = System/Library/Frameworks/Foundation.framework; sourceTree = SDKROOT; };
		B0813B961639208B0027F4F8 /* CoreGraphics.framework */ = {isa = PBXFileReference; lastKnownFileType = wrapper.framework; name = CoreGraphics.framework; path = System/Library/Frameworks/CoreGraphics.framework; sourceTree = SDKROOT; };
		B0813B9A1639208B0027F4F8 /* SoundShare-Info.plist */ = {isa = PBXFileReference; lastKnownFileType = text.plist.xml; path = "SoundShare-Info.plist"; sourceTree = "<group>"; };
		B0813B9C1639208B0027F4F8 /* en */ = {isa = PBXFileReference; lastKnownFileType = text.plist.strings; name = en; path = en.lproj/InfoPlist.strings; sourceTree = "<group>"; };
		B0813B9E1639208B0027F4F8 /* main.m */ = {isa = PBXFileReference; lastKnownFileType = sourcecode.c.objc; path = main.m; sourceTree = "<group>"; };
		B0813BA01639208B0027F4F8 /* SoundShare-Prefix.pch */ = {isa = PBXFileReference; lastKnownFileType = sourcecode.c.h; path = "SoundShare-Prefix.pch"; sourceTree = "<group>"; };
		B0813BA11639208B0027F4F8 /* AppDelegate.h */ = {isa = PBXFileReference; lastKnownFileType = sourcecode.c.h; path = AppDelegate.h; sourceTree = "<group>"; };
		B0813BA21639208B0027F4F8 /* AppDelegate.m */ = {isa = PBXFileReference; lastKnownFileType = sourcecode.c.objc; path = AppDelegate.m; sourceTree = "<group>"; };
		B0813BA41639208B0027F4F8 /* Default.png */ = {isa = PBXFileReference; lastKnownFileType = image.png; path = Default.png; sourceTree = "<group>"; };
		B0813BA61639208B0027F4F8 /* Default@2x.png */ = {isa = PBXFileReference; lastKnownFileType = image.png; path = "Default@2x.png"; sourceTree = "<group>"; };
		B0813BA81639208B0027F4F8 /* Default-568h@2x.png */ = {isa = PBXFileReference; lastKnownFileType = image.png; path = "Default-568h@2x.png"; sourceTree = "<group>"; };
		B0813BAA1639208B0027F4F8 /* ViewController.h */ = {isa = PBXFileReference; lastKnownFileType = sourcecode.c.h; path = ViewController.h; sourceTree = "<group>"; };
		B0813BAB1639208B0027F4F8 /* ViewController.m */ = {isa = PBXFileReference; lastKnownFileType = sourcecode.c.objc; path = ViewController.m; sourceTree = "<group>"; };
		B0813BAE1639208B0027F4F8 /* en */ = {isa = PBXFileReference; lastKnownFileType = file.xib; name = en; path = en.lproj/ViewController.xib; sourceTree = "<group>"; };
		B0813BB6163921070027F4F8 /* JSONKit.h */ = {isa = PBXFileReference; fileEncoding = 4; lastKnownFileType = sourcecode.c.h; path = JSONKit.h; sourceTree = "<group>"; };
		B0813BB7163921070027F4F8 /* JSONKit.m */ = {isa = PBXFileReference; fileEncoding = 4; lastKnownFileType = sourcecode.c.objc; path = JSONKit.m; sourceTree = "<group>"; };
		B0813BB9163921070027F4F8 /* SinaWeibo.bundle */ = {isa = PBXFileReference; lastKnownFileType = "wrapper.plug-in"; path = SinaWeibo.bundle; sourceTree = "<group>"; };
		B0813BBA163921070027F4F8 /* SinaWeibo.h */ = {isa = PBXFileReference; fileEncoding = 4; lastKnownFileType = sourcecode.c.h; path = SinaWeibo.h; sourceTree = "<group>"; };
		B0813BBB163921070027F4F8 /* SinaWeibo.m */ = {isa = PBXFileReference; fileEncoding = 4; lastKnownFileType = sourcecode.c.objc; path = SinaWeibo.m; sourceTree = "<group>"; };
		B0813BBC163921070027F4F8 /* SinaWeiboAuthorizeView.h */ = {isa = PBXFileReference; fileEncoding = 4; lastKnownFileType = sourcecode.c.h; path = SinaWeiboAuthorizeView.h; sourceTree = "<group>"; };
		B0813BBD163921070027F4F8 /* SinaWeiboAuthorizeView.m */ = {isa = PBXFileReference; fileEncoding = 4; lastKnownFileType = sourcecode.c.objc; path = SinaWeiboAuthorizeView.m; sourceTree = "<group>"; };
		B0813BBE163921070027F4F8 /* SinaWeiboConstants.h */ = {isa = PBXFileReference; fileEncoding = 4; lastKnownFileType = sourcecode.c.h; path = SinaWeiboConstants.h; sourceTree = "<group>"; };
		B0813BBF163921070027F4F8 /* SinaWeiboRequest.h */ = {isa = PBXFileReference; fileEncoding = 4; lastKnownFileType = sourcecode.c.h; path = SinaWeiboRequest.h; sourceTree = "<group>"; };
		B0813BC0163921070027F4F8 /* SinaWeiboRequest.m */ = {isa = PBXFileReference; fileEncoding = 4; lastKnownFileType = sourcecode.c.objc; path = SinaWeiboRequest.m; sourceTree = "<group>"; };
		B08DAB651648E0D8003B43CA /* GCDAsyncSocket.h */ = {isa = PBXFileReference; lastKnownFileType = sourcecode.c.h; name = GCDAsyncSocket.h; path = AsyncSocket/GCDAsyncSocket.h; sourceTree = "<group>"; };
		B08DAB661648E0D8003B43CA /* GCDAsyncSocket.m */ = {isa = PBXFileReference; lastKnownFileType = sourcecode.c.objc; name = GCDAsyncSocket.m; path = AsyncSocket/GCDAsyncSocket.m; sourceTree = "<group>"; };
		B08DAB681648E215003B43CA /* DDAbstractDatabaseLogger.h */ = {isa = PBXFileReference; fileEncoding = 4; lastKnownFileType = sourcecode.c.h; path = DDAbstractDatabaseLogger.h; sourceTree = "<group>"; };
		B08DAB691648E215003B43CA /* DDAbstractDatabaseLogger.m */ = {isa = PBXFileReference; fileEncoding = 4; lastKnownFileType = sourcecode.c.objc; path = DDAbstractDatabaseLogger.m; sourceTree = "<group>"; };
		B08DAB6A1648E215003B43CA /* DDASLLogger.h */ = {isa = PBXFileReference; fileEncoding = 4; lastKnownFileType = sourcecode.c.h; path = DDASLLogger.h; sourceTree = "<group>"; };
		B08DAB6B1648E215003B43CA /* DDASLLogger.m */ = {isa = PBXFileReference; fileEncoding = 4; lastKnownFileType = sourcecode.c.objc; path = DDASLLogger.m; sourceTree = "<group>"; };
		B08DAB6C1648E215003B43CA /* DDFileLogger.h */ = {isa = PBXFileReference; fileEncoding = 4; lastKnownFileType = sourcecode.c.h; path = DDFileLogger.h; sourceTree = "<group>"; };
		B08DAB6D1648E215003B43CA /* DDFileLogger.m */ = {isa = PBXFileReference; fileEncoding = 4; lastKnownFileType = sourcecode.c.objc; path = DDFileLogger.m; sourceTree = "<group>"; };
		B08DAB6E1648E215003B43CA /* DDLog.h */ = {isa = PBXFileReference; fileEncoding = 4; lastKnownFileType = sourcecode.c.h; path = DDLog.h; sourceTree = "<group>"; };
		B08DAB6F1648E215003B43CA /* DDLog.m */ = {isa = PBXFileReference; fileEncoding = 4; lastKnownFileType = sourcecode.c.objc; path = DDLog.m; sourceTree = "<group>"; };
		B08DAB701648E215003B43CA /* DDTTYLogger.h */ = {isa = PBXFileReference; fileEncoding = 4; lastKnownFileType = sourcecode.c.h; path = DDTTYLogger.h; sourceTree = "<group>"; };
		B08DAB711648E215003B43CA /* DDTTYLogger.m */ = {isa = PBXFileReference; fileEncoding = 4; lastKnownFileType = sourcecode.c.objc; path = DDTTYLogger.m; sourceTree = "<group>"; };
		B08DAB731648E215003B43CA /* ContextFilterLogFormatter.h */ = {isa = PBXFileReference; fileEncoding = 4; lastKnownFileType = sourcecode.c.h; path = ContextFilterLogFormatter.h; sourceTree = "<group>"; };
		B08DAB741648E215003B43CA /* ContextFilterLogFormatter.m */ = {isa = PBXFileReference; fileEncoding = 4; lastKnownFileType = sourcecode.c.objc; path = ContextFilterLogFormatter.m; sourceTree = "<group>"; };
		B08DAB751648E215003B43CA /* DispatchQueueLogFormatter.h */ = {isa = PBXFileReference; fileEncoding = 4; lastKnownFileType = sourcecode.c.h; path = DispatchQueueLogFormatter.h; sourceTree = "<group>"; };
		B08DAB761648E215003B43CA /* DispatchQueueLogFormatter.m */ = {isa = PBXFileReference; fileEncoding = 4; lastKnownFileType = sourcecode.c.objc; path = DispatchQueueLogFormatter.m; sourceTree = "<group>"; };
		B08DAB771648E215003B43CA /* README.txt */ = {isa = PBXFileReference; fileEncoding = 4; lastKnownFileType = text; path = README.txt; sourceTree = "<group>"; };
		B08DAB801648E323003B43CA /* CFNetwork.framework */ = {isa = PBXFileReference; lastKnownFileType = wrapper.framework; name = CFNetwork.framework; path = System/Library/Frameworks/CFNetwork.framework; sourceTree = SDKROOT; };
		B08DAB821648E337003B43CA /* Security.framework */ = {isa = PBXFileReference; lastKnownFileType = wrapper.framework; name = Security.framework; path = System/Library/Frameworks/Security.framework; sourceTree = SDKROOT; };
		B08FBF3F16509C4800D555DF /* ViewController+sina.m */ = {isa = PBXFileReference; fileEncoding = 4; lastKnownFileType = sourcecode.c.objc; path = "ViewController+sina.m"; sourceTree = "<group>"; };
		B0919A2B165B53FA007A594B /* MMPDeepSleepPreventer.h */ = {isa = PBXFileReference; fileEncoding = 4; lastKnownFileType = sourcecode.c.h; path = MMPDeepSleepPreventer.h; sourceTree = "<group>"; };
		B0919A2C165B53FA007A594B /* MMPDeepSleepPreventer.m */ = {isa = PBXFileReference; fileEncoding = 4; lastKnownFileType = sourcecode.c.objc; path = MMPDeepSleepPreventer.m; sourceTree = "<group>"; };
		B0919A2D165B53FA007A594B /* MMPSilence.wav */ = {isa = PBXFileReference; lastKnownFileType = audio.wav; path = MMPSilence.wav; sourceTree = "<group>"; };
		B0919A33165B547A007A594B /* AVFoundation.framework */ = {isa = PBXFileReference; lastKnownFileType = wrapper.framework; name = AVFoundation.framework; path = System/Library/Frameworks/AVFoundation.framework; sourceTree = SDKROOT; };
		B0919A35165B549A007A594B /* AudioToolbox.framework */ = {isa = PBXFileReference; lastKnownFileType = wrapper.framework; name = AudioToolbox.framework; path = System/Library/Frameworks/AudioToolbox.framework; sourceTree = SDKROOT; };
/* End PBXFileReference section */

/* Begin PBXFrameworksBuildPhase section */
		B0813B8B1639208B0027F4F8 /* Frameworks */ = {
			isa = PBXFrameworksBuildPhase;
			buildActionMask = 2147483647;
			files = (
				B0919A36165B549A007A594B /* AudioToolbox.framework in Frameworks */,
				B0919A34165B547A007A594B /* AVFoundation.framework in Frameworks */,
				B08DAB831648E337003B43CA /* Security.framework in Frameworks */,
				B08DAB811648E323003B43CA /* CFNetwork.framework in Frameworks */,
				B0813B931639208B0027F4F8 /* UIKit.framework in Frameworks */,
				B0813B951639208B0027F4F8 /* Foundation.framework in Frameworks */,
				B0813B971639208B0027F4F8 /* CoreGraphics.framework in Frameworks */,
			);
			runOnlyForDeploymentPostprocessing = 0;
		};
/* End PBXFrameworksBuildPhase section */

/* Begin PBXGroup section */
		B0813B831639208B0027F4F8 = {
			isa = PBXGroup;
			children = (
				B0919A28165B53FA007A594B /* MMPDeepSleepPreventer */,
				B08DAB671648E215003B43CA /* CocoaLumberjack */,
				B08DAB611648E0A0003B43CA /* AsyncSocket */,
				B0813BB5163921070027F4F8 /* JSONKit */,
				B0813BB8163921070027F4F8 /* SinaWeibo */,
				B0813B981639208B0027F4F8 /* SoundShare */,
				B0813B911639208B0027F4F8 /* Frameworks */,
				B0813B8F1639208B0027F4F8 /* Products */,
			);
			sourceTree = "<group>";
		};
		B0813B8F1639208B0027F4F8 /* Products */ = {
			isa = PBXGroup;
			children = (
				B0813B8E1639208B0027F4F8 /* SoundShare.app */,
			);
			name = Products;
			sourceTree = "<group>";
		};
		B0813B911639208B0027F4F8 /* Frameworks */ = {
			isa = PBXGroup;
			children = (
				B0919A35165B549A007A594B /* AudioToolbox.framework */,
				B0919A33165B547A007A594B /* AVFoundation.framework */,
				B08DAB821648E337003B43CA /* Security.framework */,
				B08DAB801648E323003B43CA /* CFNetwork.framework */,
				B0813B921639208B0027F4F8 /* UIKit.framework */,
				B0813B941639208B0027F4F8 /* Foundation.framework */,
				B0813B961639208B0027F4F8 /* CoreGraphics.framework */,
			);
			name = Frameworks;
			sourceTree = "<group>";
		};
		B0813B981639208B0027F4F8 /* SoundShare */ = {
			isa = PBXGroup;
			children = (
				B0813BA11639208B0027F4F8 /* AppDelegate.h */,
				B0813BA21639208B0027F4F8 /* AppDelegate.m */,
				B0813BAA1639208B0027F4F8 /* ViewController.h */,
				B0813BAB1639208B0027F4F8 /* ViewController.m */,
				B08FBF3F16509C4800D555DF /* ViewController+sina.m */,
				B0813BAD1639208B0027F4F8 /* ViewController.xib */,
				B0813B991639208B0027F4F8 /* Supporting Files */,
			);
			path = SoundShare;
			sourceTree = "<group>";
		};
		B0813B991639208B0027F4F8 /* Supporting Files */ = {
			isa = PBXGroup;
			children = (
				B0813B9A1639208B0027F4F8 /* SoundShare-Info.plist */,
				B0813B9B1639208B0027F4F8 /* InfoPlist.strings */,
				B0813B9E1639208B0027F4F8 /* main.m */,
				B0813BA01639208B0027F4F8 /* SoundShare-Prefix.pch */,
				B0813BA41639208B0027F4F8 /* Default.png */,
				B0813BA61639208B0027F4F8 /* Default@2x.png */,
				B0813BA81639208B0027F4F8 /* Default-568h@2x.png */,
			);
			name = "Supporting Files";
			sourceTree = "<group>";
		};
		B0813BB5163921070027F4F8 /* JSONKit */ = {
			isa = PBXGroup;
			children = (
				B0813BB6163921070027F4F8 /* JSONKit.h */,
				B0813BB7163921070027F4F8 /* JSONKit.m */,
			);
			path = JSONKit;
			sourceTree = "<group>";
		};
		B0813BB8163921070027F4F8 /* SinaWeibo */ = {
			isa = PBXGroup;
			children = (
				B0813BB9163921070027F4F8 /* SinaWeibo.bundle */,
				B0813BBA163921070027F4F8 /* SinaWeibo.h */,
				B0813BBB163921070027F4F8 /* SinaWeibo.m */,
				B0813BBC163921070027F4F8 /* SinaWeiboAuthorizeView.h */,
				B0813BBD163921070027F4F8 /* SinaWeiboAuthorizeView.m */,
				B0813BBE163921070027F4F8 /* SinaWeiboConstants.h */,
				B0813BBF163921070027F4F8 /* SinaWeiboRequest.h */,
				B0813BC0163921070027F4F8 /* SinaWeiboRequest.m */,
			);
			path = SinaWeibo;
			sourceTree = "<group>";
		};
		B08DAB611648E0A0003B43CA /* AsyncSocket */ = {
			isa = PBXGroup;
			children = (
				B08DAB651648E0D8003B43CA /* GCDAsyncSocket.h */,
				B08DAB661648E0D8003B43CA /* GCDAsyncSocket.m */,
			);
			name = AsyncSocket;
			sourceTree = "<group>";
		};
		B08DAB671648E215003B43CA /* CocoaLumberjack */ = {
			isa = PBXGroup;
			children = (
				B08DAB681648E215003B43CA /* DDAbstractDatabaseLogger.h */,
				B08DAB691648E215003B43CA /* DDAbstractDatabaseLogger.m */,
				B08DAB6A1648E215003B43CA /* DDASLLogger.h */,
				B08DAB6B1648E215003B43CA /* DDASLLogger.m */,
				B08DAB6C1648E215003B43CA /* DDFileLogger.h */,
				B08DAB6D1648E215003B43CA /* DDFileLogger.m */,
				B08DAB6E1648E215003B43CA /* DDLog.h */,
				B08DAB6F1648E215003B43CA /* DDLog.m */,
				B08DAB701648E215003B43CA /* DDTTYLogger.h */,
				B08DAB711648E215003B43CA /* DDTTYLogger.m */,
				B08DAB721648E215003B43CA /* Extensions */,
			);
			path = CocoaLumberjack;
			sourceTree = "<group>";
		};
		B08DAB721648E215003B43CA /* Extensions */ = {
			isa = PBXGroup;
			children = (
				B08DAB731648E215003B43CA /* ContextFilterLogFormatter.h */,
				B08DAB741648E215003B43CA /* ContextFilterLogFormatter.m */,
				B08DAB751648E215003B43CA /* DispatchQueueLogFormatter.h */,
				B08DAB761648E215003B43CA /* DispatchQueueLogFormatter.m */,
				B08DAB771648E215003B43CA /* README.txt */,
			);
			path = Extensions;
			sourceTree = "<group>";
		};
		B0919A28165B53FA007A594B /* MMPDeepSleepPreventer */ = {
			isa = PBXGroup;
			children = (
				B0919A2B165B53FA007A594B /* MMPDeepSleepPreventer.h */,
				B0919A2C165B53FA007A594B /* MMPDeepSleepPreventer.m */,
				B0919A2D165B53FA007A594B /* MMPSilence.wav */,
			);
			path = MMPDeepSleepPreventer;
			sourceTree = "<group>";
		};
/* End PBXGroup section */

/* Begin PBXNativeTarget section */
		B0813B8D1639208B0027F4F8 /* SoundShare */ = {
			isa = PBXNativeTarget;
			buildConfigurationList = B0813BB21639208B0027F4F8 /* Build configuration list for PBXNativeTarget "SoundShare" */;
			buildPhases = (
				B0813B8A1639208B0027F4F8 /* Sources */,
				B0813B8B1639208B0027F4F8 /* Frameworks */,
				B0813B8C1639208B0027F4F8 /* Resources */,
			);
			buildRules = (
			);
			dependencies = (
			);
			name = SoundShare;
			productName = SoundShare;
			productReference = B0813B8E1639208B0027F4F8 /* SoundShare.app */;
			productType = "com.apple.product-type.application";
		};
/* End PBXNativeTarget section */

/* Begin PBXProject section */
		B0813B851639208B0027F4F8 /* Project object */ = {
			isa = PBXProject;
			attributes = {
				LastUpgradeCheck = 0450;
				ORGANIZATIONNAME = steven;
			};
			buildConfigurationList = B0813B881639208B0027F4F8 /* Build configuration list for PBXProject "SoundShare" */;
			compatibilityVersion = "Xcode 3.2";
			developmentRegion = English;
			hasScannedForEncodings = 0;
			knownRegions = (
				en,
			);
			mainGroup = B0813B831639208B0027F4F8;
			productRefGroup = B0813B8F1639208B0027F4F8 /* Products */;
			projectDirPath = "";
			projectRoot = "";
			targets = (
				B0813B8D1639208B0027F4F8 /* SoundShare */,
			);
		};
/* End PBXProject section */

/* Begin PBXResourcesBuildPhase section */
		B0813B8C1639208B0027F4F8 /* Resources */ = {
			isa = PBXResourcesBuildPhase;
			buildActionMask = 2147483647;
			files = (
				B0813B9D1639208B0027F4F8 /* InfoPlist.strings in Resources */,
				B0813BA51639208B0027F4F8 /* Default.png in Resources */,
				B0813BA71639208B0027F4F8 /* Default@2x.png in Resources */,
				B0813BA91639208B0027F4F8 /* Default-568h@2x.png in Resources */,
				B0813BAF1639208B0027F4F8 /* ViewController.xib in Resources */,
				B0813BC2163921070027F4F8 /* SinaWeibo.bundle in Resources */,
				B08DAB7F1648E215003B43CA /* README.txt in Resources */,
				B0919A31165B53FA007A594B /* MMPSilence.wav in Resources */,
			);
			runOnlyForDeploymentPostprocessing = 0;
		};
/* End PBXResourcesBuildPhase section */

/* Begin PBXSourcesBuildPhase section */
		B0813B8A1639208B0027F4F8 /* Sources */ = {
			isa = PBXSourcesBuildPhase;
			buildActionMask = 2147483647;
			files = (
				B08DAB841648E442003B43CA /* GCDAsyncSocket.m in Sources */,
				B0813B9F1639208B0027F4F8 /* main.m in Sources */,
				B0813BA31639208B0027F4F8 /* AppDelegate.m in Sources */,
				B0813BAC1639208B0027F4F8 /* ViewController.m in Sources */,
				B0813BC1163921070027F4F8 /* JSONKit.m in Sources */,
				B0813BC3163921070027F4F8 /* SinaWeibo.m in Sources */,
				B0813BC4163921070027F4F8 /* SinaWeiboAuthorizeView.m in Sources */,
				B0813BC5163921070027F4F8 /* SinaWeiboRequest.m in Sources */,
				B08DAB781648E215003B43CA /* DDAbstractDatabaseLogger.m in Sources */,
				B08DAB791648E215003B43CA /* DDASLLogger.m in Sources */,
				B08DAB7A1648E215003B43CA /* DDFileLogger.m in Sources */,
				B08DAB7B1648E215003B43CA /* DDLog.m in Sources */,
				B08DAB7C1648E215003B43CA /* DDTTYLogger.m in Sources */,
				B08DAB7D1648E215003B43CA /* ContextFilterLogFormatter.m in Sources */,
				B08DAB7E1648E215003B43CA /* DispatchQueueLogFormatter.m in Sources */,
				B08FBF4016509C4800D555DF /* ViewController+sina.m in Sources */,
				B0919A30165B53FA007A594B /* MMPDeepSleepPreventer.m in Sources */,
			);
			runOnlyForDeploymentPostprocessing = 0;
		};
/* End PBXSourcesBuildPhase section */

/* Begin PBXVariantGroup section */
		B0813B9B1639208B0027F4F8 /* InfoPlist.strings */ = {
			isa = PBXVariantGroup;
			children = (
				B0813B9C1639208B0027F4F8 /* en */,
			);
			name = InfoPlist.strings;
			sourceTree = "<group>";
		};
		B0813BAD1639208B0027F4F8 /* ViewController.xib */ = {
			isa = PBXVariantGroup;
			children = (
				B0813BAE1639208B0027F4F8 /* en */,
			);
			name = ViewController.xib;
			sourceTree = "<group>";
		};
/* End PBXVariantGroup section */

/* Begin XCBuildConfiguration section */
		B0813BB01639208B0027F4F8 /* Debug */ = {
			isa = XCBuildConfiguration;
			buildSettings = {
				ALWAYS_SEARCH_USER_PATHS = NO;
				CLANG_CXX_LANGUAGE_STANDARD = "gnu++0x";
				CLANG_CXX_LIBRARY = "libc++";
				CLANG_ENABLE_OBJC_ARC = YES;
				CLANG_WARN_EMPTY_BODY = YES;
				CLANG_WARN__DUPLICATE_METHOD_MATCH = YES;
				"CODE_SIGN_IDENTITY[sdk=iphoneos*]" = "iPhone Developer";
				COPY_PHASE_STRIP = NO;
				GCC_C_LANGUAGE_STANDARD = gnu99;
				GCC_DYNAMIC_NO_PIC = NO;
				GCC_OPTIMIZATION_LEVEL = 0;
				GCC_PREPROCESSOR_DEFINITIONS = (
					"DEBUG=1",
					"$(inherited)",
				);
				GCC_SYMBOLS_PRIVATE_EXTERN = NO;
				GCC_WARN_ABOUT_RETURN_TYPE = YES;
				GCC_WARN_UNINITIALIZED_AUTOS = YES;
				GCC_WARN_UNUSED_VARIABLE = YES;
				IPHONEOS_DEPLOYMENT_TARGET = 6.0;
				SDKROOT = iphoneos;
			};
			name = Debug;
		};
		B0813BB11639208B0027F4F8 /* Release */ = {
			isa = XCBuildConfiguration;
			buildSettings = {
				ALWAYS_SEARCH_USER_PATHS = NO;
				CLANG_CXX_LANGUAGE_STANDARD = "gnu++0x";
				CLANG_CXX_LIBRARY = "libc++";
				CLANG_ENABLE_OBJC_ARC = YES;
				CLANG_WARN_EMPTY_BODY = YES;
				CLANG_WARN__DUPLICATE_METHOD_MATCH = YES;
				"CODE_SIGN_IDENTITY[sdk=iphoneos*]" = "iPhone Developer";
				COPY_PHASE_STRIP = YES;
				GCC_C_LANGUAGE_STANDARD = gnu99;
				GCC_WARN_ABOUT_RETURN_TYPE = YES;
				GCC_WARN_UNINITIALIZED_AUTOS = YES;
				GCC_WARN_UNUSED_VARIABLE = YES;
				IPHONEOS_DEPLOYMENT_TARGET = 6.0;
				OTHER_CFLAGS = "-DNS_BLOCK_ASSERTIONS=1";
				SDKROOT = iphoneos;
				VALIDATE_PRODUCT = YES;
			};
			name = Release;
		};
		B0813BB31639208B0027F4F8 /* Debug */ = {
			isa = XCBuildConfiguration;
			buildSettings = {
				GCC_PRECOMPILE_PREFIX_HEADER = YES;
				GCC_PREFIX_HEADER = "SoundShare/SoundShare-Prefix.pch";
				INFOPLIST_FILE = "SoundShare/SoundShare-Info.plist";
				PRODUCT_NAME = "$(TARGET_NAME)";
				WRAPPER_EXTENSION = app;
			};
			name = Debug;
		};
		B0813BB41639208B0027F4F8 /* Release */ = {
			isa = XCBuildConfiguration;
			buildSettings = {
				GCC_PRECOMPILE_PREFIX_HEADER = YES;
				GCC_PREFIX_HEADER = "SoundShare/SoundShare-Prefix.pch";
				INFOPLIST_FILE = "SoundShare/SoundShare-Info.plist";
				PRODUCT_NAME = "$(TARGET_NAME)";
				WRAPPER_EXTENSION = app;
			};
			name = Release;
		};
/* End XCBuildConfiguration section */

/* Begin XCConfigurationList section */
		B0813B881639208B0027F4F8 /* Build configuration list for PBXProject "SoundShare" */ = {
			isa = XCConfigurationList;
			buildConfigurations = (
				B0813BB01639208B0027F4F8 /* Debug */,
				B0813BB11639208B0027F4F8 /* Release */,
			);
			defaultConfigurationIsVisible = 0;
			defaultConfigurationName = Release;
		};
		B0813BB21639208B0027F4F8 /* Build configuration list for PBXNativeTarget "SoundShare" */ = {
			isa = XCConfigurationList;
			buildConfigurations = (
				B0813BB31639208B0027F4F8 /* Debug */,
				B0813BB41639208B0027F4F8 /* Release */,
			);
			defaultConfigurationIsVisible = 0;
			defaultConfigurationName = Release;
		};
/* End XCConfigurationList section */
	};
	rootObject = B0813B851639208B0027F4F8 /* Project object */;
}
